
Microsoft Visual Studio Solution File, Format Version 12.00
# Visual Studio Version 16
VisualStudioVersion = 16.0.31229.75
MinimumVisualStudioVersion = 10.0.40219.1
Project("{FAE04EC0-301F-11D3-BF4B-00C04F79EFBC}") = "WindowsFormsApp11", "WindowsFormsApp11\WindowsFormsApp11.csproj", "{D91474AF-CA52-42DF-8CB0-60EF6B6D6AA3}"
EndProject
Global
	GlobalSection(SolutionConfigurationPlatforms) = preSolution
		Debug|Any CPU = Debug|Any CPU
		Release|Any CPU = Release|Any CPU
	EndGlobalSection
	GlobalSection(ProjectConfigurationPlatforms) = postSolution
		{D91474AF-CA52-42DF-8CB0-60EF6B6D6AA3}.Debug|Any CPU.ActiveCfg = Debug|Any CPU
		{D91474AF-CA52-42DF-8CB0-60EF6B6D6AA3}.Debug|Any CPU.Build.0 = Debug|Any CPU
		{D91474AF-CA52-42DF-8CB0-60EF6B6D6AA3}.Release|Any CPU.ActiveCfg = Release|Any CPU
		{D91474AF-CA52-42DF-8CB0-60EF6B6D6AA3}.Release|Any CPU.Build.0 = Release|Any CPU
	EndGlobalSection
	GlobalSection(SolutionProperties) = preSolution
		HideSolutionNode = FALSE
	EndGlobalSection
	GlobalSection(ExtensibilityGlobals) = postSolution
		SolutionGuid = {79F4925A-D23F-4CA8-9F53-0E80C42CE0F0}
	EndGlobalSection
EndGlobal
